
Microsoft Visual Studio Solution File, Format Version 12.00
# Visual Studio Version 16
VisualStudioVersion = 16.0.31205.134
MinimumVisualStudioVersion = 10.0.40219.1
Project("{FAE04EC0-301F-11D3-BF4B-00C04F79EFBC}") = "Antra.CompanyApp.ConsoleApp", "Antra.CompanyApp.ConsoleApp\Antra.CompanyApp.ConsoleApp.csproj", "{0484081E-40CC-47E4-B144-DA7A1C99ED1F}"
EndProject
Project("{FAE04EC0-301F-11D3-BF4B-00C04F79EFBC}") = "Antra.CompanyApp.Data.Model", "Antra.CompanyApp.Data.Model\Antra.CompanyApp.Data.Model.csproj", "{054B8B17-0E64-4172-BE9D-C89E793BCBD0}"
EndProject
Project("{FAE04EC0-301F-11D3-BF4B-00C04F79EFBC}") = "Antra.CompanyApp.Data.Repository", "Antra.CompanyApp.Data.Repository\Antra.CompanyApp.Data.Repository.csproj", "{57BF3D92-5570-4F7C-8337-4AA4CBF6BFE2}"
EndProject
Global
	GlobalSection(SolutionConfigurationPlatforms) = preSolution
		Debug|Any CPU = Debug|Any CPU
		Release|Any CPU = Release|Any CPU
	EndGlobalSection
	GlobalSection(ProjectConfigurationPlatforms) = postSolution
		{0484081E-40CC-47E4-B144-DA7A1C99ED1F}.Debug|Any CPU.ActiveCfg = Debug|Any CPU
		{0484081E-40CC-47E4-B144-DA7A1C99ED1F}.Debug|Any CPU.Build.0 = Debug|Any CPU
		{0484081E-40CC-47E4-B144-DA7A1C99ED1F}.Release|Any CPU.ActiveCfg = Release|Any CPU
		{0484081E-40CC-47E4-B144-DA7A1C99ED1F}.Release|Any CPU.Build.0 = Release|Any CPU
		{054B8B17-0E64-4172-BE9D-C89E793BCBD0}.Debug|Any CPU.ActiveCfg = Debug|Any CPU
		{054B8B17-0E64-4172-BE9D-C89E793BCBD0}.Debug|Any CPU.Build.0 = Debug|Any CPU
		{054B8B17-0E64-4172-BE9D-C89E793BCBD0}.Release|Any CPU.ActiveCfg = Release|Any CPU
		{054B8B17-0E64-4172-BE9D-C89E793BCBD0}.Release|Any CPU.Build.0 = Release|Any CPU
		{57BF3D92-5570-4F7C-8337-4AA4CBF6BFE2}.Debug|Any CPU.ActiveCfg = Debug|Any CPU
		{57BF3D92-5570-4F7C-8337-4AA4CBF6BFE2}.Debug|Any CPU.Build.0 = Debug|Any CPU
		{57BF3D92-5570-4F7C-8337-4AA4CBF6BFE2}.Release|Any CPU.ActiveCfg = Release|Any CPU
		{57BF3D92-5570-4F7C-8337-4AA4CBF6BFE2}.Release|Any CPU.Build.0 = Release|Any CPU
	EndGlobalSection
	GlobalSection(SolutionProperties) = preSolution
		HideSolutionNode = FALSE
	EndGlobalSection
	GlobalSection(ExtensibilityGlobals) = postSolution
		SolutionGuid = {BCFEB4C5-5814-4DDB-AF9B-02F06E74C865}
	EndGlobalSection
EndGlobal
